
Microsoft Visual Studio Solution File, Format Version 12.00
# Visual Studio Version 16
VisualStudioVersion = 16.0.809.10
MinimumVisualStudioVersion = 10.0.40219.1
Project("{FAE04EC0-301F-11D3-BF4B-00C04F79EFBC}") = "Assignment4.iOS", "Assignment4.iOS\Assignment4.iOS.csproj", "{9745E5E3-EDBB-4DDA-B1F5-3CE0AE145F66}"
EndProject
Project("{FAE04EC0-301F-11D3-BF4B-00C04F79EFBC}") = "Assignment4", "Assignment4\Assignment4.csproj", "{6E66469F-0A4C-49CE-96EF-0CD9277A48E4}"
EndProject
Global
	GlobalSection(SolutionConfigurationPlatforms) = preSolution
		Debug|iPhoneSimulator = Debug|iPhoneSimulator
		Release|iPhoneSimulator = Release|iPhoneSimulator
		Debug|iPhone = Debug|iPhone
		Release|iPhone = Release|iPhone
		Debug|Any CPU = Debug|Any CPU
		Release|Any CPU = Release|Any CPU
	EndGlobalSection
	GlobalSection(ProjectConfigurationPlatforms) = postSolution
		{9745E5E3-EDBB-4DDA-B1F5-3CE0AE145F66}.Debug|iPhoneSimulator.ActiveCfg = Debug|iPhoneSimulator
		{9745E5E3-EDBB-4DDA-B1F5-3CE0AE145F66}.Debug|iPhoneSimulator.Build.0 = Debug|iPhoneSimulator
		{9745E5E3-EDBB-4DDA-B1F5-3CE0AE145F66}.Release|iPhoneSimulator.ActiveCfg = Release|iPhoneSimulator
		{9745E5E3-EDBB-4DDA-B1F5-3CE0AE145F66}.Release|iPhoneSimulator.Build.0 = Release|iPhoneSimulator
		{9745E5E3-EDBB-4DDA-B1F5-3CE0AE145F66}.Debug|iPhone.ActiveCfg = Debug|iPhone
		{9745E5E3-EDBB-4DDA-B1F5-3CE0AE145F66}.Debug|iPhone.Build.0 = Debug|iPhone
		{9745E5E3-EDBB-4DDA-B1F5-3CE0AE145F66}.Release|iPhone.ActiveCfg = Release|iPhone
		{9745E5E3-EDBB-4DDA-B1F5-3CE0AE145F66}.Release|iPhone.Build.0 = Release|iPhone
		{9745E5E3-EDBB-4DDA-B1F5-3CE0AE145F66}.Debug|Any CPU.ActiveCfg = Debug|iPhoneSimulator
		{9745E5E3-EDBB-4DDA-B1F5-3CE0AE145F66}.Debug|Any CPU.Build.0 = Debug|iPhoneSimulator
		{9745E5E3-EDBB-4DDA-B1F5-3CE0AE145F66}.Release|Any CPU.ActiveCfg = Release|iPhoneSimulator
		{9745E5E3-EDBB-4DDA-B1F5-3CE0AE145F66}.Release|Any CPU.Build.0 = Release|iPhoneSimulator
		{6E66469F-0A4C-49CE-96EF-0CD9277A48E4}.Debug|iPhoneSimulator.ActiveCfg = Debug|Any CPU
		{6E66469F-0A4C-49CE-96EF-0CD9277A48E4}.Debug|iPhoneSimulator.Build.0 = Debug|Any CPU
		{6E66469F-0A4C-49CE-96EF-0CD9277A48E4}.Release|iPhoneSimulator.ActiveCfg = Release|Any CPU
		{6E66469F-0A4C-49CE-96EF-0CD9277A48E4}.Release|iPhoneSimulator.Build.0 = Release|Any CPU
		{6E66469F-0A4C-49CE-96EF-0CD9277A48E4}.Debug|iPhone.ActiveCfg = Debug|Any CPU
		{6E66469F-0A4C-49CE-96EF-0CD9277A48E4}.Debug|iPhone.Build.0 = Debug|Any CPU
		{6E66469F-0A4C-49CE-96EF-0CD9277A48E4}.Release|iPhone.ActiveCfg = Release|Any CPU
		{6E66469F-0A4C-49CE-96EF-0CD9277A48E4}.Release|iPhone.Build.0 = Release|Any CPU
		{6E66469F-0A4C-49CE-96EF-0CD9277A48E4}.Debug|Any CPU.ActiveCfg = Debug|Any CPU
		{6E66469F-0A4C-49CE-96EF-0CD9277A48E4}.Debug|Any CPU.Build.0 = Debug|Any CPU
		{6E66469F-0A4C-49CE-96EF-0CD9277A48E4}.Release|Any CPU.ActiveCfg = Release|Any CPU
		{6E66469F-0A4C-49CE-96EF-0CD9277A48E4}.Release|Any CPU.Build.0 = Release|Any CPU
	EndGlobalSection
	GlobalSection(SolutionProperties) = preSolution
		HideSolutionNode = FALSE
	EndGlobalSection
	GlobalSection(ExtensibilityGlobals) = postSolution
		SolutionGuid = {FB5B08FB-7DBD-48D8-8703-F0D036DC94B3}
	EndGlobalSection
EndGlobal
